
Microsoft Visual Studio Solution File, Format Version 12.00
# Visual Studio Version 17
VisualStudioVersion = 17.3.32819.101
MinimumVisualStudioVersion = 10.0.40219.1
Project("{FAE04EC0-301F-11D3-BF4B-00C04F79EFBC}") = "NzanzaProject2", "NzanzaProject2\NzanzaProject2.csproj", "{B8574E77-46EF-4CFD-9FD3-BA568A0C7B25}"
EndProject
Global
	GlobalSection(SolutionConfigurationPlatforms) = preSolution
		Debug|Any CPU = Debug|Any CPU
		Release|Any CPU = Release|Any CPU
	EndGlobalSection
	GlobalSection(ProjectConfigurationPlatforms) = postSolution
		{B8574E77-46EF-4CFD-9FD3-BA568A0C7B25}.Debug|Any CPU.ActiveCfg = Debug|Any CPU
		{B8574E77-46EF-4CFD-9FD3-BA568A0C7B25}.Debug|Any CPU.Build.0 = Debug|Any CPU
		{B8574E77-46EF-4CFD-9FD3-BA568A0C7B25}.Release|Any CPU.ActiveCfg = Release|Any CPU
		{B8574E77-46EF-4CFD-9FD3-BA568A0C7B25}.Release|Any CPU.Build.0 = Release|Any CPU
	EndGlobalSection
	GlobalSection(SolutionProperties) = preSolution
		HideSolutionNode = FALSE
	EndGlobalSection
	GlobalSection(ExtensibilityGlobals) = postSolution
		SolutionGuid = {9096C5FD-4DB6-4A59-A30B-04E526A5E9BC}
	EndGlobalSection
EndGlobal
